// !$*UTF8*$!
{
	archiveVersion = 1;
	classes = {
	};
	objectVersion = 46;
	objects = {

/* Begin PBXFileReference section */
		A0CE16DF15E984A600AC6A2F /* git-package-version.sh */ = {isa = PBXFileReference; lastKnownFileType = text.script.sh; path = "git-package-version.sh"; sourceTree = "<group>"; };
		A0CE16E015E984A600AC6A2F /* git-tar-name.txt */ = {isa = PBXFileReference; lastKnownFileType = text; path = "git-tar-name.txt"; sourceTree = "<group>"; };
		A0CE16E415E988DB00AC6A2F /* bindle.m4 */ = {isa = PBXFileReference; explicitFileType = text.script; path = bindle.m4; sourceTree = "<group>"; };
		A0CE16EB15E988FD00AC6A2F /* bindlize.sh.in */ = {isa = PBXFileReference; explicitFileType = text.script; path = bindlize.sh.in; sourceTree = "<group>"; };
		A0CE16EC15E9892E00AC6A2F /* acinclude.m4 */ = {isa = PBXFileReference; explicitFileType = text.script; path = acinclude.m4; sourceTree = "<group>"; };
		A0CE16ED15E9892E00AC6A2F /* AUTHORS */ = {isa = PBXFileReference; lastKnownFileType = text; path = AUTHORS; sourceTree = "<group>"; };
		A0CE16EE15E9892E00AC6A2F /* ChangeLog */ = {isa = PBXFileReference; lastKnownFileType = text; path = ChangeLog; sourceTree = "<group>"; };
		A0CE16EF15E9892E00AC6A2F /* configure.ac */ = {isa = PBXFileReference; explicitFileType = text.script; path = configure.ac; sourceTree = "<group>"; };
		A0CE16F015E9892E00AC6A2F /* COPYING */ = {isa = PBXFileReference; lastKnownFileType = text; path = COPYING; sourceTree = "<group>"; };
		A0CE16F115E9892E00AC6A2F /* Makefile.am */ = {isa = PBXFileReference; explicitFileType = sourcecode.make; path = Makefile.am; sourceTree = "<group>"; };
		A0CE16F215E9892E00AC6A2F /* NEWS */ = {isa = PBXFileReference; lastKnownFileType = text; path = NEWS; sourceTree = "<group>"; };
		A0CE16F315E9892E00AC6A2F /* README */ = {isa = PBXFileReference; lastKnownFileType = text; path = README; sourceTree = "<group>"; };
		A0CE16F415E9893E00AC6A2F /* autogen.sh */ = {isa = PBXFileReference; lastKnownFileType = text.script.sh; path = autogen.sh; sourceTree = "<group>"; };
/* End PBXFileReference section */

/* Begin PBXGroup section */
		A0CE16D215E9846A00AC6A2F = {
			isa = PBXGroup;
			children = (
				A0CE16EC15E9892E00AC6A2F /* acinclude.m4 */,
				A0CE16ED15E9892E00AC6A2F /* AUTHORS */,
				A0CE16EE15E9892E00AC6A2F /* ChangeLog */,
				A0CE16EF15E9892E00AC6A2F /* configure.ac */,
				A0CE16F015E9892E00AC6A2F /* COPYING */,
				A0CE16F115E9892E00AC6A2F /* Makefile.am */,
				A0CE16F215E9892E00AC6A2F /* NEWS */,
				A0CE16F315E9892E00AC6A2F /* README */,
				A0CE16DE15E984A600AC6A2F /* build-aux */,
				A0CE16E215E988DB00AC6A2F /* m4 */,
				A0CE16EA15E988FD00AC6A2F /* src */,
			);
			sourceTree = "<group>";
		};
		A0CE16DE15E984A600AC6A2F /* build-aux */ = {
			isa = PBXGroup;
			children = (
				A0CE16F415E9893E00AC6A2F /* autogen.sh */,
				A0CE16DF15E984A600AC6A2F /* git-package-version.sh */,
				A0CE16E015E984A600AC6A2F /* git-tar-name.txt */,
			);
			path = "build-aux";
			sourceTree = "<group>";
		};
		A0CE16E215E988DB00AC6A2F /* m4 */ = {
			isa = PBXGroup;
			children = (
				A0CE16E415E988DB00AC6A2F /* bindle.m4 */,
			);
			path = m4;
			sourceTree = "<group>";
		};
		A0CE16EA15E988FD00AC6A2F /* src */ = {
			isa = PBXGroup;
			children = (
				A0CE16EB15E988FD00AC6A2F /* bindlize.sh.in */,
			);
			path = src;
			sourceTree = "<group>";
		};
/* End PBXGroup section */

/* Begin PBXProject section */
		A0CE16D415E9846A00AC6A2F /* Project object */ = {
			isa = PBXProject;
			attributes = {
				LastUpgradeCheck = 0440;
			};
			buildConfigurationList = A0CE16D715E9846A00AC6A2F /* Build configuration list for PBXProject "bindletools" */;
			compatibilityVersion = "Xcode 3.2";
			developmentRegion = English;
			hasScannedForEncodings = 0;
			knownRegions = (
				en,
			);
			mainGroup = A0CE16D215E9846A00AC6A2F;
			projectDirPath = "";
			projectRoot = "";
			targets = (
			);
		};
/* End PBXProject section */

/* Begin XCBuildConfiguration section */
		A0CE16D915E9846A00AC6A2F /* Debug */ = {
			isa = XCBuildConfiguration;
			buildSettings = {
			};
			name = Debug;
		};
		A0CE16DA15E9846A00AC6A2F /* Release */ = {
			isa = XCBuildConfiguration;
			buildSettings = {
			};
			name = Release;
		};
/* End XCBuildConfiguration section */

/* Begin XCConfigurationList section */
		A0CE16D715E9846A00AC6A2F /* Build configuration list for PBXProject "bindletools" */ = {
			isa = XCConfigurationList;
			buildConfigurations = (
				A0CE16D915E9846A00AC6A2F /* Debug */,
				A0CE16DA15E9846A00AC6A2F /* Release */,
			);
			defaultConfigurationIsVisible = 0;
			defaultConfigurationName = Release;
		};
/* End XCConfigurationList section */
	};
	rootObject = A0CE16D415E9846A00AC6A2F /* Project object */;
}
