// !$*UTF8*$!
{
	archiveVersion = 1;
	classes = {
	};
	objectVersion = 46;
	objects = {

/* Begin PBXAggregateTarget section */
		A01156FE175B0DF3008E66FA /* bindle: Git Version */ = {
			isa = PBXAggregateTarget;
			buildConfigurationList = A01156FF175B0DF3008E66FA /* Build configuration list for PBXAggregateTarget "bindle: Git Version" */;
			buildPhases = (
				A0115702175B0DFA008E66FA /* ShellScript */,
			);
			dependencies = (
			);
			name = "bindle: Git Version";
			productName = "bindle: Git Version";
		};
/* End PBXAggregateTarget section */

/* Begin PBXBuildFile section */
		A01156EC175B0118008E66FA /* Foundation.framework in Frameworks */ = {isa = PBXBuildFile; fileRef = A01156EB175B0118008E66FA /* Foundation.framework */; };
		A01156F7175B0122008E66FA /* libbindle-utf8.c in Sources */ = {isa = PBXBuildFile; fileRef = A01156D2175B009E008E66FA /* libbindle-utf8.c */; };
		A01156F8175B0122008E66FA /* libbindle-utf8.c in Sources */ = {isa = PBXBuildFile; fileRef = A01156D2175B009E008E66FA /* libbindle-utf8.c */; };
		A01156FC175B0764008E66FA /* libbindle-version.c in Sources */ = {isa = PBXBuildFile; fileRef = A01156FB175B0764008E66FA /* libbindle-version.c */; };
		A01156FD175B0764008E66FA /* libbindle-version.c in Sources */ = {isa = PBXBuildFile; fileRef = A01156FB175B0764008E66FA /* libbindle-version.c */; };
/* End PBXBuildFile section */

/* Begin PBXContainerItemProxy section */
		A0115703175B0E0D008E66FA /* PBXContainerItemProxy */ = {
			isa = PBXContainerItemProxy;
			containerPortal = A0CE16D415E9846A00AC6A2F /* Project object */;
			proxyType = 1;
			remoteGlobalIDString = A01156FE175B0DF3008E66FA;
			remoteInfo = "bindle: Git Version";
		};
		A0115705175B0E11008E66FA /* PBXContainerItemProxy */ = {
			isa = PBXContainerItemProxy;
			containerPortal = A0CE16D415E9846A00AC6A2F /* Project object */;
			proxyType = 1;
			remoteGlobalIDString = A01156FE175B0DF3008E66FA;
			remoteInfo = "bindle: Git Version";
		};
/* End PBXContainerItemProxy section */

/* Begin PBXCopyFilesBuildPhase section */
		A01156E7175B0118008E66FA /* CopyFiles */ = {
			isa = PBXCopyFilesBuildPhase;
			buildActionMask = 2147483647;
			dstPath = "include/${PRODUCT_NAME}";
			dstSubfolderSpec = 16;
			files = (
			);
			runOnlyForDeploymentPostprocessing = 0;
		};
/* End PBXCopyFilesBuildPhase section */

/* Begin PBXFileReference section */
		A01156CD175B009E008E66FA /* bindle.h */ = {isa = PBXFileReference; lastKnownFileType = sourcecode.c.h; path = bindle.h; sourceTree = "<group>"; };
		A01156D2175B009E008E66FA /* libbindle-utf8.c */ = {isa = PBXFileReference; lastKnownFileType = sourcecode.c.c; path = "libbindle-utf8.c"; sourceTree = "<group>"; };
		A01156D3175B009E008E66FA /* libbindle.sym */ = {isa = PBXFileReference; explicitFileType = text.script; path = libbindle.sym; sourceTree = "<group>"; };
		A01156E1175B010C008E66FA /* libbindle-osx.a */ = {isa = PBXFileReference; explicitFileType = archive.ar; includeInIndex = 0; path = "libbindle-osx.a"; sourceTree = BUILT_PRODUCTS_DIR; };
		A01156E9175B0118008E66FA /* libbindle-ios.a */ = {isa = PBXFileReference; explicitFileType = archive.ar; includeInIndex = 0; path = "libbindle-ios.a"; sourceTree = BUILT_PRODUCTS_DIR; };
		A01156EB175B0118008E66FA /* Foundation.framework */ = {isa = PBXFileReference; lastKnownFileType = wrapper.framework; name = Foundation.framework; path = System/Library/Frameworks/Foundation.framework; sourceTree = SDKROOT; };
		A01156FA175B029D008E66FA /* bindle-xxd.m4 */ = {isa = PBXFileReference; lastKnownFileType = text; path = "bindle-xxd.m4"; sourceTree = "<group>"; };
		A01156FB175B0764008E66FA /* libbindle-version.c */ = {isa = PBXFileReference; fileEncoding = 4; lastKnownFileType = sourcecode.c.c; path = "libbindle-version.c"; sourceTree = "<group>"; };
		A016DA5F163753B0002165A5 /* bindle-gcc.m4 */ = {isa = PBXFileReference; explicitFileType = text.script; path = "bindle-gcc.m4"; sourceTree = "<group>"; };
		A050A3B516162EF70015528D /* makefile-subst.am */ = {isa = PBXFileReference; explicitFileType = sourcecode.make; indentWidth = 8; path = "makefile-subst.am"; sourceTree = "<group>"; tabWidth = 8; usesTabs = 1; };
		A050A3B7161633A20015528D /* makefile-version.am */ = {isa = PBXFileReference; explicitFileType = sourcecode.make; path = "makefile-version.am"; sourceTree = "<group>"; };
		A068E8CF161638FE00DE0DE5 /* makefile-autotools.am */ = {isa = PBXFileReference; explicitFileType = sourcecode.make; path = "makefile-autotools.am"; sourceTree = "<group>"; };
		A0CE16DF15E984A600AC6A2F /* git-package-version.sh */ = {isa = PBXFileReference; lastKnownFileType = text.script.sh; path = "git-package-version.sh"; sourceTree = "<group>"; };
		A0CE16E015E984A600AC6A2F /* git-tar-name.txt */ = {isa = PBXFileReference; lastKnownFileType = text; path = "git-tar-name.txt"; sourceTree = "<group>"; };
		A0CE16E415E988DB00AC6A2F /* bindle-git.m4 */ = {isa = PBXFileReference; explicitFileType = text.script; path = "bindle-git.m4"; sourceTree = "<group>"; };
		A0CE16EC15E9892E00AC6A2F /* acinclude.m4 */ = {isa = PBXFileReference; explicitFileType = text.script; path = acinclude.m4; sourceTree = "<group>"; };
		A0CE16ED15E9892E00AC6A2F /* AUTHORS */ = {isa = PBXFileReference; lastKnownFileType = text; path = AUTHORS; sourceTree = "<group>"; };
		A0CE16EE15E9892E00AC6A2F /* ChangeLog */ = {isa = PBXFileReference; lastKnownFileType = text; path = ChangeLog; sourceTree = "<group>"; };
		A0CE16EF15E9892E00AC6A2F /* configure.ac */ = {isa = PBXFileReference; explicitFileType = text.script; path = configure.ac; sourceTree = "<group>"; };
		A0CE16F015E9892E00AC6A2F /* COPYING */ = {isa = PBXFileReference; lastKnownFileType = text; path = COPYING; sourceTree = "<group>"; };
		A0CE16F115E9892E00AC6A2F /* Makefile.am */ = {isa = PBXFileReference; explicitFileType = sourcecode.make; indentWidth = 8; path = Makefile.am; sourceTree = "<group>"; tabWidth = 8; usesTabs = 1; };
		A0CE16F215E9892E00AC6A2F /* NEWS */ = {isa = PBXFileReference; lastKnownFileType = text; path = NEWS; sourceTree = "<group>"; };
		A0CE16F315E9892E00AC6A2F /* README */ = {isa = PBXFileReference; lastKnownFileType = text; path = README; sourceTree = "<group>"; };
		A0CE16F415E9893E00AC6A2F /* autogen.sh */ = {isa = PBXFileReference; lastKnownFileType = text.script.sh; path = autogen.sh; sourceTree = "<group>"; };
/* End PBXFileReference section */

/* Begin PBXFrameworksBuildPhase section */
		A01156DE175B010C008E66FA /* Frameworks */ = {
			isa = PBXFrameworksBuildPhase;
			buildActionMask = 2147483647;
			files = (
			);
			runOnlyForDeploymentPostprocessing = 0;
		};
		A01156E6175B0118008E66FA /* Frameworks */ = {
			isa = PBXFrameworksBuildPhase;
			buildActionMask = 2147483647;
			files = (
				A01156EC175B0118008E66FA /* Foundation.framework in Frameworks */,
			);
			runOnlyForDeploymentPostprocessing = 0;
		};
/* End PBXFrameworksBuildPhase section */

/* Begin PBXGroup section */
		A01156CC175B009E008E66FA /* include */ = {
			isa = PBXGroup;
			children = (
				A01156CD175B009E008E66FA /* bindle.h */,
			);
			path = include;
			sourceTree = "<group>";
		};
		A01156D1175B009E008E66FA /* lib */ = {
			isa = PBXGroup;
			children = (
				A01156D3175B009E008E66FA /* libbindle.sym */,
				A01156D2175B009E008E66FA /* libbindle-utf8.c */,
				A01156FB175B0764008E66FA /* libbindle-version.c */,
			);
			path = lib;
			sourceTree = "<group>";
		};
		A01156D9175B00F6008E66FA /* Products */ = {
			isa = PBXGroup;
			children = (
				A01156E1175B010C008E66FA /* libbindle-osx.a */,
				A01156E9175B0118008E66FA /* libbindle-ios.a */,
			);
			name = Products;
			sourceTree = "<group>";
		};
		A01156EA175B0118008E66FA /* Frameworks */ = {
			isa = PBXGroup;
			children = (
				A01156EB175B0118008E66FA /* Foundation.framework */,
			);
			name = Frameworks;
			sourceTree = "<group>";
		};
		A0CE16D215E9846A00AC6A2F = {
			isa = PBXGroup;
			children = (
				A0CE16EC15E9892E00AC6A2F /* acinclude.m4 */,
				A0CE16ED15E9892E00AC6A2F /* AUTHORS */,
				A0CE16EE15E9892E00AC6A2F /* ChangeLog */,
				A0CE16EF15E9892E00AC6A2F /* configure.ac */,
				A0CE16F015E9892E00AC6A2F /* COPYING */,
				A0CE16F115E9892E00AC6A2F /* Makefile.am */,
				A0CE16F215E9892E00AC6A2F /* NEWS */,
				A0CE16F315E9892E00AC6A2F /* README */,
				A0CE16DE15E984A600AC6A2F /* build-aux */,
				A01156CC175B009E008E66FA /* include */,
				A01156D1175B009E008E66FA /* lib */,
				A0CE16E215E988DB00AC6A2F /* m4 */,
				A01156EA175B0118008E66FA /* Frameworks */,
				A01156D9175B00F6008E66FA /* Products */,
			);
			sourceTree = "<group>";
		};
		A0CE16DE15E984A600AC6A2F /* build-aux */ = {
			isa = PBXGroup;
			children = (
				A0CE16F415E9893E00AC6A2F /* autogen.sh */,
				A0CE16DF15E984A600AC6A2F /* git-package-version.sh */,
				A0CE16E015E984A600AC6A2F /* git-tar-name.txt */,
				A068E8CF161638FE00DE0DE5 /* makefile-autotools.am */,
				A050A3B516162EF70015528D /* makefile-subst.am */,
				A050A3B7161633A20015528D /* makefile-version.am */,
			);
			indentWidth = 8;
			path = "build-aux";
			sourceTree = "<group>";
			tabWidth = 8;
			usesTabs = 1;
		};
		A0CE16E215E988DB00AC6A2F /* m4 */ = {
			isa = PBXGroup;
			children = (
				A0CE16E415E988DB00AC6A2F /* bindle-git.m4 */,
				A016DA5F163753B0002165A5 /* bindle-gcc.m4 */,
				A01156FA175B029D008E66FA /* bindle-xxd.m4 */,
			);
			path = m4;
			sourceTree = "<group>";
		};
/* End PBXGroup section */

/* Begin PBXHeadersBuildPhase section */
		A01156DF175B010C008E66FA /* Headers */ = {
			isa = PBXHeadersBuildPhase;
			buildActionMask = 2147483647;
			files = (
			);
			runOnlyForDeploymentPostprocessing = 0;
		};
/* End PBXHeadersBuildPhase section */

/* Begin PBXNativeTarget section */
		A01156E0175B010C008E66FA /* bindle-osx */ = {
			isa = PBXNativeTarget;
			buildConfigurationList = A01156E2175B010C008E66FA /* Build configuration list for PBXNativeTarget "bindle-osx" */;
			buildPhases = (
				A01156DD175B010C008E66FA /* Sources */,
				A01156DE175B010C008E66FA /* Frameworks */,
				A01156DF175B010C008E66FA /* Headers */,
			);
			buildRules = (
			);
			dependencies = (
				A0115704175B0E0D008E66FA /* PBXTargetDependency */,
			);
			name = "bindle-osx";
			productName = "bindle-osx";
			productReference = A01156E1175B010C008E66FA /* libbindle-osx.a */;
			productType = "com.apple.product-type.library.static";
		};
		A01156E8175B0118008E66FA /* bindle-ios */ = {
			isa = PBXNativeTarget;
			buildConfigurationList = A01156F4175B0118008E66FA /* Build configuration list for PBXNativeTarget "bindle-ios" */;
			buildPhases = (
				A01156E5175B0118008E66FA /* Sources */,
				A01156E6175B0118008E66FA /* Frameworks */,
				A01156E7175B0118008E66FA /* CopyFiles */,
			);
			buildRules = (
			);
			dependencies = (
				A0115706175B0E11008E66FA /* PBXTargetDependency */,
			);
			name = "bindle-ios";
			productName = "bindle-ios";
			productReference = A01156E9175B0118008E66FA /* libbindle-ios.a */;
			productType = "com.apple.product-type.library.static";
		};
/* End PBXNativeTarget section */

/* Begin PBXProject section */
		A0CE16D415E9846A00AC6A2F /* Project object */ = {
			isa = PBXProject;
			attributes = {
				LastUpgradeCheck = 0440;
			};
			buildConfigurationList = A0CE16D715E9846A00AC6A2F /* Build configuration list for PBXProject "bindletools" */;
			compatibilityVersion = "Xcode 3.2";
			developmentRegion = English;
			hasScannedForEncodings = 0;
			knownRegions = (
				en,
			);
			mainGroup = A0CE16D215E9846A00AC6A2F;
			productRefGroup = A01156D9175B00F6008E66FA /* Products */;
			projectDirPath = "";
			projectRoot = "";
			targets = (
				A01156E0175B010C008E66FA /* bindle-osx */,
				A01156E8175B0118008E66FA /* bindle-ios */,
				A01156FE175B0DF3008E66FA /* bindle: Git Version */,
			);
		};
/* End PBXProject section */

/* Begin PBXShellScriptBuildPhase section */
		A0115702175B0DFA008E66FA /* ShellScript */ = {
			isa = PBXShellScriptBuildPhase;
			buildActionMask = 2147483647;
			files = (
			);
			inputPaths = (
			);
			outputPaths = (
			);
			runOnlyForDeploymentPostprocessing = 0;
			shellPath = /bin/sh;
			shellScript = "./build-aux/git-package-version.sh ${PROJECT_DIR} ${PROJECT_DIR}/include\n";
			showEnvVarsInLog = 0;
		};
/* End PBXShellScriptBuildPhase section */

/* Begin PBXSourcesBuildPhase section */
		A01156DD175B010C008E66FA /* Sources */ = {
			isa = PBXSourcesBuildPhase;
			buildActionMask = 2147483647;
			files = (
				A01156F8175B0122008E66FA /* libbindle-utf8.c in Sources */,
				A01156FC175B0764008E66FA /* libbindle-version.c in Sources */,
			);
			runOnlyForDeploymentPostprocessing = 0;
		};
		A01156E5175B0118008E66FA /* Sources */ = {
			isa = PBXSourcesBuildPhase;
			buildActionMask = 2147483647;
			files = (
				A01156F7175B0122008E66FA /* libbindle-utf8.c in Sources */,
				A01156FD175B0764008E66FA /* libbindle-version.c in Sources */,
			);
			runOnlyForDeploymentPostprocessing = 0;
		};
/* End PBXSourcesBuildPhase section */

/* Begin PBXTargetDependency section */
		A0115704175B0E0D008E66FA /* PBXTargetDependency */ = {
			isa = PBXTargetDependency;
			target = A01156FE175B0DF3008E66FA /* bindle: Git Version */;
			targetProxy = A0115703175B0E0D008E66FA /* PBXContainerItemProxy */;
		};
		A0115706175B0E11008E66FA /* PBXTargetDependency */ = {
			isa = PBXTargetDependency;
			target = A01156FE175B0DF3008E66FA /* bindle: Git Version */;
			targetProxy = A0115705175B0E11008E66FA /* PBXContainerItemProxy */;
		};
/* End PBXTargetDependency section */

/* Begin XCBuildConfiguration section */
		A01156E3175B010C008E66FA /* Debug */ = {
			isa = XCBuildConfiguration;
			buildSettings = {
				ALWAYS_SEARCH_USER_PATHS = NO;
				ARCHS = "$(ARCHS_STANDARD_64_BIT)";
				CLANG_CXX_LANGUAGE_STANDARD = "gnu++0x";
				CLANG_CXX_LIBRARY = "libc++";
				CLANG_ENABLE_OBJC_ARC = YES;
				CLANG_WARN_CONSTANT_CONVERSION = YES;
				CLANG_WARN_EMPTY_BODY = YES;
				CLANG_WARN_ENUM_CONVERSION = YES;
				CLANG_WARN_INT_CONVERSION = YES;
				CLANG_WARN__DUPLICATE_METHOD_MATCH = YES;
				COPY_PHASE_STRIP = NO;
				EXECUTABLE_PREFIX = lib;
				EXPORTED_SYMBOLS_FILE = lib/libbindle.sym;
				GCC_C_LANGUAGE_STANDARD = gnu99;
				GCC_DYNAMIC_NO_PIC = NO;
				GCC_ENABLE_OBJC_EXCEPTIONS = YES;
				GCC_OPTIMIZATION_LEVEL = 0;
				GCC_PRECOMPILE_PREFIX_HEADER = YES;
				GCC_PREFIX_HEADER = include/bindle.pch;
				GCC_PREPROCESSOR_DEFINITIONS = (
					"DEBUG=1",
					"$(inherited)",
				);
				GCC_SYMBOLS_PRIVATE_EXTERN = NO;
				GCC_WARN_64_TO_32_BIT_CONVERSION = YES;
				GCC_WARN_ABOUT_RETURN_TYPE = YES;
				GCC_WARN_UNINITIALIZED_AUTOS = YES;
				GCC_WARN_UNUSED_VARIABLE = YES;
				MACOSX_DEPLOYMENT_TARGET = 10.6;
				ONLY_ACTIVE_ARCH = YES;
				PRODUCT_NAME = "$(TARGET_NAME)";
				SDKROOT = macosx;
			};
			name = Debug;
		};
		A01156E4175B010C008E66FA /* Release */ = {
			isa = XCBuildConfiguration;
			buildSettings = {
				ALWAYS_SEARCH_USER_PATHS = NO;
				ARCHS = "$(ARCHS_STANDARD_64_BIT)";
				CLANG_CXX_LANGUAGE_STANDARD = "gnu++0x";
				CLANG_CXX_LIBRARY = "libc++";
				CLANG_ENABLE_OBJC_ARC = YES;
				CLANG_WARN_CONSTANT_CONVERSION = YES;
				CLANG_WARN_EMPTY_BODY = YES;
				CLANG_WARN_ENUM_CONVERSION = YES;
				CLANG_WARN_INT_CONVERSION = YES;
				CLANG_WARN__DUPLICATE_METHOD_MATCH = YES;
				COPY_PHASE_STRIP = YES;
				DEBUG_INFORMATION_FORMAT = "dwarf-with-dsym";
				EXECUTABLE_PREFIX = lib;
				EXPORTED_SYMBOLS_FILE = lib/libbindle.sym;
				GCC_C_LANGUAGE_STANDARD = gnu99;
				GCC_ENABLE_OBJC_EXCEPTIONS = YES;
				GCC_PRECOMPILE_PREFIX_HEADER = YES;
				GCC_PREFIX_HEADER = include/bindle.pch;
				GCC_WARN_64_TO_32_BIT_CONVERSION = YES;
				GCC_WARN_ABOUT_RETURN_TYPE = YES;
				GCC_WARN_UNINITIALIZED_AUTOS = YES;
				GCC_WARN_UNUSED_VARIABLE = YES;
				MACOSX_DEPLOYMENT_TARGET = 10.6;
				PRODUCT_NAME = "$(TARGET_NAME)";
				SDKROOT = macosx;
			};
			name = Release;
		};
		A01156F5175B0118008E66FA /* Debug */ = {
			isa = XCBuildConfiguration;
			buildSettings = {
				ALWAYS_SEARCH_USER_PATHS = NO;
				CLANG_CXX_LANGUAGE_STANDARD = "gnu++0x";
				CLANG_CXX_LIBRARY = "libc++";
				CLANG_ENABLE_OBJC_ARC = YES;
				CLANG_WARN_CONSTANT_CONVERSION = YES;
				CLANG_WARN_EMPTY_BODY = YES;
				CLANG_WARN_ENUM_CONVERSION = YES;
				CLANG_WARN_INT_CONVERSION = YES;
				CLANG_WARN__DUPLICATE_METHOD_MATCH = YES;
				COPY_PHASE_STRIP = NO;
				DSTROOT = /tmp/bindle_ios.dst;
				EXPORTED_SYMBOLS_FILE = lib/libbindle.sym;
				GCC_C_LANGUAGE_STANDARD = gnu99;
				GCC_DYNAMIC_NO_PIC = NO;
				GCC_OPTIMIZATION_LEVEL = 0;
				GCC_PRECOMPILE_PREFIX_HEADER = YES;
				GCC_PREFIX_HEADER = include/bindle.pch;
				GCC_PREPROCESSOR_DEFINITIONS = (
					"DEBUG=1",
					"$(inherited)",
				);
				GCC_SYMBOLS_PRIVATE_EXTERN = NO;
				GCC_WARN_ABOUT_RETURN_TYPE = YES;
				GCC_WARN_UNINITIALIZED_AUTOS = YES;
				GCC_WARN_UNUSED_VARIABLE = YES;
				IPHONEOS_DEPLOYMENT_TARGET = 5.0;
				ONLY_ACTIVE_ARCH = YES;
				OTHER_LDFLAGS = "-ObjC";
				PRODUCT_NAME = "$(TARGET_NAME)";
				SDKROOT = iphoneos;
				SKIP_INSTALL = YES;
				TARGETED_DEVICE_FAMILY = "1,2";
			};
			name = Debug;
		};
		A01156F6175B0118008E66FA /* Release */ = {
			isa = XCBuildConfiguration;
			buildSettings = {
				ALWAYS_SEARCH_USER_PATHS = NO;
				CLANG_CXX_LANGUAGE_STANDARD = "gnu++0x";
				CLANG_CXX_LIBRARY = "libc++";
				CLANG_ENABLE_OBJC_ARC = YES;
				CLANG_WARN_CONSTANT_CONVERSION = YES;
				CLANG_WARN_EMPTY_BODY = YES;
				CLANG_WARN_ENUM_CONVERSION = YES;
				CLANG_WARN_INT_CONVERSION = YES;
				CLANG_WARN__DUPLICATE_METHOD_MATCH = YES;
				COPY_PHASE_STRIP = YES;
				DSTROOT = /tmp/bindle_ios.dst;
				EXPORTED_SYMBOLS_FILE = lib/libbindle.sym;
				GCC_C_LANGUAGE_STANDARD = gnu99;
				GCC_PRECOMPILE_PREFIX_HEADER = YES;
				GCC_PREFIX_HEADER = include/bindle.pch;
				GCC_WARN_ABOUT_RETURN_TYPE = YES;
				GCC_WARN_UNINITIALIZED_AUTOS = YES;
				GCC_WARN_UNUSED_VARIABLE = YES;
				IPHONEOS_DEPLOYMENT_TARGET = 5.0;
				OTHER_LDFLAGS = "-ObjC";
				PRODUCT_NAME = "$(TARGET_NAME)";
				SDKROOT = iphoneos;
				SKIP_INSTALL = YES;
				TARGETED_DEVICE_FAMILY = "1,2";
				VALIDATE_PRODUCT = YES;
			};
			name = Release;
		};
		A0115700175B0DF3008E66FA /* Debug */ = {
			isa = XCBuildConfiguration;
			buildSettings = {
				PRODUCT_NAME = "$(TARGET_NAME)";
			};
			name = Debug;
		};
		A0115701175B0DF3008E66FA /* Release */ = {
			isa = XCBuildConfiguration;
			buildSettings = {
				PRODUCT_NAME = "$(TARGET_NAME)";
			};
			name = Release;
		};
		A0CE16D915E9846A00AC6A2F /* Debug */ = {
			isa = XCBuildConfiguration;
			buildSettings = {
				HEADER_SEARCH_PATHS = include;
			};
			name = Debug;
		};
		A0CE16DA15E9846A00AC6A2F /* Release */ = {
			isa = XCBuildConfiguration;
			buildSettings = {
				HEADER_SEARCH_PATHS = include;
			};
			name = Release;
		};
/* End XCBuildConfiguration section */

/* Begin XCConfigurationList section */
		A01156E2175B010C008E66FA /* Build configuration list for PBXNativeTarget "bindle-osx" */ = {
			isa = XCConfigurationList;
			buildConfigurations = (
				A01156E3175B010C008E66FA /* Debug */,
				A01156E4175B010C008E66FA /* Release */,
			);
			defaultConfigurationIsVisible = 0;
		};
		A01156F4175B0118008E66FA /* Build configuration list for PBXNativeTarget "bindle-ios" */ = {
			isa = XCConfigurationList;
			buildConfigurations = (
				A01156F5175B0118008E66FA /* Debug */,
				A01156F6175B0118008E66FA /* Release */,
			);
			defaultConfigurationIsVisible = 0;
		};
		A01156FF175B0DF3008E66FA /* Build configuration list for PBXAggregateTarget "bindle: Git Version" */ = {
			isa = XCConfigurationList;
			buildConfigurations = (
				A0115700175B0DF3008E66FA /* Debug */,
				A0115701175B0DF3008E66FA /* Release */,
			);
			defaultConfigurationIsVisible = 0;
		};
		A0CE16D715E9846A00AC6A2F /* Build configuration list for PBXProject "bindletools" */ = {
			isa = XCConfigurationList;
			buildConfigurations = (
				A0CE16D915E9846A00AC6A2F /* Debug */,
				A0CE16DA15E9846A00AC6A2F /* Release */,
			);
			defaultConfigurationIsVisible = 0;
			defaultConfigurationName = Release;
		};
/* End XCConfigurationList section */
	};
	rootObject = A0CE16D415E9846A00AC6A2F /* Project object */;
}
